// !$*UTF8*$!
{
	archiveVersion = 1;
	classes = {
	};
	objectVersion = 46;
	objects = {

/* Begin PBXBuildFile section */
		81AE4DF014B73F170080D106 /* www in Resources */ = {isa = PBXBuildFile; fileRef = 81AE4DEF14B73F170080D106 /* www */; };
		81C87C03140D36E90060C17A /* Foundation.framework in Frameworks */ = {isa = PBXBuildFile; fileRef = 81C87C02140D36E90060C17A /* Foundation.framework */; };
		81C87C05140D36E90060C17A /* UIKit.framework in Frameworks */ = {isa = PBXBuildFile; fileRef = 81C87C04140D36E90060C17A /* UIKit.framework */; };
		81C87C07140D36E90060C17A /* CoreGraphics.framework in Frameworks */ = {isa = PBXBuildFile; fileRef = 81C87C06140D36E90060C17A /* CoreGraphics.framework */; };
		81C87C09140D36E90060C17A /* AddressBook.framework in Frameworks */ = {isa = PBXBuildFile; fileRef = 81C87C08140D36E90060C17A /* AddressBook.framework */; };
		81C87C0B140D36E90060C17A /* AddressBookUI.framework in Frameworks */ = {isa = PBXBuildFile; fileRef = 81C87C0A140D36E90060C17A /* AddressBookUI.framework */; };
		81C87C0D140D36E90060C17A /* AudioToolbox.framework in Frameworks */ = {isa = PBXBuildFile; fileRef = 81C87C0C140D36E90060C17A /* AudioToolbox.framework */; };
		81C87C0F140D36E90060C17A /* AVFoundation.framework in Frameworks */ = {isa = PBXBuildFile; fileRef = 81C87C0E140D36E90060C17A /* AVFoundation.framework */; };
		81C87C11140D36E90060C17A /* CoreLocation.framework in Frameworks */ = {isa = PBXBuildFile; fileRef = 81C87C10140D36E90060C17A /* CoreLocation.framework */; };
		81C87C13140D36E90060C17A /* MediaPlayer.framework in Frameworks */ = {isa = PBXBuildFile; fileRef = 81C87C12140D36E90060C17A /* MediaPlayer.framework */; };
		81C87C15140D36E90060C17A /* QuartzCore.framework in Frameworks */ = {isa = PBXBuildFile; fileRef = 81C87C14140D36E90060C17A /* QuartzCore.framework */; };
		81C87C17140D36E90060C17A /* SystemConfiguration.framework in Frameworks */ = {isa = PBXBuildFile; fileRef = 81C87C16140D36E90060C17A /* SystemConfiguration.framework */; };
		81C87C19140D36E90060C17A /* MobileCoreServices.framework in Frameworks */ = {isa = PBXBuildFile; fileRef = 81C87C18140D36E90060C17A /* MobileCoreServices.framework */; };
		81C87C1B140D36E90060C17A /* CoreMedia.framework in Frameworks */ = {isa = PBXBuildFile; fileRef = 81C87C1A140D36E90060C17A /* CoreMedia.framework */; };
		81C87C21140D36E90060C17A /* InfoPlist.strings in Resources */ = {isa = PBXBuildFile; fileRef = 81C87C1F140D36E90060C17A /* InfoPlist.strings */; };
		81C87C23140D36E90060C17A /* main.m in Sources */ = {isa = PBXBuildFile; fileRef = 81C87C22140D36E90060C17A /* main.m */; };
		81C87C26140D36E90060C17A /* PhoneGap.framework in Frameworks */ = {isa = PBXBuildFile; fileRef = 81C87C25140D36E90060C17A /* PhoneGap.framework */; };
		81C87C2B140D36EA0060C17A /* Localizable.strings in Resources */ = {isa = PBXBuildFile; fileRef = 81C87C29140D36EA0060C17A /* Localizable.strings */; };
		81C87C2F140D36EA0060C17A /* Localizable.strings in Resources */ = {isa = PBXBuildFile; fileRef = 81C87C2D140D36EA0060C17A /* Localizable.strings */; };
		81C87C32140D36EA0060C17A /* icon.png in Resources */ = {isa = PBXBuildFile; fileRef = 81C87C31140D36EA0060C17A /* icon.png */; };
		81C87C34140D36EA0060C17A /* icon@2x.png in Resources */ = {isa = PBXBuildFile; fileRef = 81C87C33140D36EA0060C17A /* icon@2x.png */; };
		81C87C36140D36EA0060C17A /* icon-72.png in Resources */ = {isa = PBXBuildFile; fileRef = 81C87C35140D36EA0060C17A /* icon-72.png */; };
		81C87C39140D36EA0060C17A /* Default.png in Resources */ = {isa = PBXBuildFile; fileRef = 81C87C38140D36EA0060C17A /* Default.png */; };
		81C87C3B140D36EA0060C17A /* Default@2x.png in Resources */ = {isa = PBXBuildFile; fileRef = 81C87C3A140D36EA0060C17A /* Default@2x.png */; };
		81C87C3D140D36EA0060C17A /* Capture.bundle in Resources */ = {isa = PBXBuildFile; fileRef = 81C87C3C140D36EA0060C17A /* Capture.bundle */; };
		81C87C3F140D36EA0060C17A /* PhoneGap.plist in Resources */ = {isa = PBXBuildFile; fileRef = 81C87C3E140D36EA0060C17A /* PhoneGap.plist */; };
		81C87C43140D36EA0060C17A /* AppDelegate.m in Sources */ = {isa = PBXBuildFile; fileRef = 81C87C42140D36EA0060C17A /* AppDelegate.m */; };
/* End PBXBuildFile section */

/* Begin PBXFileReference section */
		81AE4DEF14B73F170080D106 /* www */ = {isa = PBXFileReference; lastKnownFileType = folder; path = www; sourceTree = "<group>"; };
		81C87BFE140D36E90060C17A /* html5expense.app */ = {isa = PBXFileReference; explicitFileType = wrapper.application; includeInIndex = 0; path = html5expense.app; sourceTree = BUILT_PRODUCTS_DIR; };
		81C87C02140D36E90060C17A /* Foundation.framework */ = {isa = PBXFileReference; lastKnownFileType = wrapper.framework; name = Foundation.framework; path = System/Library/Frameworks/Foundation.framework; sourceTree = SDKROOT; };
		81C87C04140D36E90060C17A /* UIKit.framework */ = {isa = PBXFileReference; lastKnownFileType = wrapper.framework; name = UIKit.framework; path = System/Library/Frameworks/UIKit.framework; sourceTree = SDKROOT; };
		81C87C06140D36E90060C17A /* CoreGraphics.framework */ = {isa = PBXFileReference; lastKnownFileType = wrapper.framework; name = CoreGraphics.framework; path = System/Library/Frameworks/CoreGraphics.framework; sourceTree = SDKROOT; };
		81C87C08140D36E90060C17A /* AddressBook.framework */ = {isa = PBXFileReference; lastKnownFileType = wrapper.framework; name = AddressBook.framework; path = System/Library/Frameworks/AddressBook.framework; sourceTree = SDKROOT; };
		81C87C0A140D36E90060C17A /* AddressBookUI.framework */ = {isa = PBXFileReference; lastKnownFileType = wrapper.framework; name = AddressBookUI.framework; path = System/Library/Frameworks/AddressBookUI.framework; sourceTree = SDKROOT; };
		81C87C0C140D36E90060C17A /* AudioToolbox.framework */ = {isa = PBXFileReference; lastKnownFileType = wrapper.framework; name = AudioToolbox.framework; path = System/Library/Frameworks/AudioToolbox.framework; sourceTree = SDKROOT; };
		81C87C0E140D36E90060C17A /* AVFoundation.framework */ = {isa = PBXFileReference; lastKnownFileType = wrapper.framework; name = AVFoundation.framework; path = System/Library/Frameworks/AVFoundation.framework; sourceTree = SDKROOT; };
		81C87C10140D36E90060C17A /* CoreLocation.framework */ = {isa = PBXFileReference; lastKnownFileType = wrapper.framework; name = CoreLocation.framework; path = System/Library/Frameworks/CoreLocation.framework; sourceTree = SDKROOT; };
		81C87C12140D36E90060C17A /* MediaPlayer.framework */ = {isa = PBXFileReference; lastKnownFileType = wrapper.framework; name = MediaPlayer.framework; path = System/Library/Frameworks/MediaPlayer.framework; sourceTree = SDKROOT; };
		81C87C14140D36E90060C17A /* QuartzCore.framework */ = {isa = PBXFileReference; lastKnownFileType = wrapper.framework; name = QuartzCore.framework; path = System/Library/Frameworks/QuartzCore.framework; sourceTree = SDKROOT; };
		81C87C16140D36E90060C17A /* SystemConfiguration.framework */ = {isa = PBXFileReference; lastKnownFileType = wrapper.framework; name = SystemConfiguration.framework; path = System/Library/Frameworks/SystemConfiguration.framework; sourceTree = SDKROOT; };
		81C87C18140D36E90060C17A /* MobileCoreServices.framework */ = {isa = PBXFileReference; lastKnownFileType = wrapper.framework; name = MobileCoreServices.framework; path = System/Library/Frameworks/MobileCoreServices.framework; sourceTree = SDKROOT; };
		81C87C1A140D36E90060C17A /* CoreMedia.framework */ = {isa = PBXFileReference; lastKnownFileType = wrapper.framework; name = CoreMedia.framework; path = System/Library/Frameworks/CoreMedia.framework; sourceTree = SDKROOT; };
		81C87C1E140D36E90060C17A /* html5expense-Info.plist */ = {isa = PBXFileReference; lastKnownFileType = text.plist.xml; path = "html5expense-Info.plist"; sourceTree = "<group>"; };
		81C87C20140D36E90060C17A /* en */ = {isa = PBXFileReference; lastKnownFileType = text.plist.strings; name = en; path = en.lproj/InfoPlist.strings; sourceTree = "<group>"; };
		81C87C22140D36E90060C17A /* main.m */ = {isa = PBXFileReference; lastKnownFileType = sourcecode.c.objc; path = main.m; sourceTree = "<group>"; };
		81C87C24140D36E90060C17A /* html5expense-Prefix.pch */ = {isa = PBXFileReference; lastKnownFileType = sourcecode.c.h; path = "html5expense-Prefix.pch"; sourceTree = "<group>"; };
		81C87C25140D36E90060C17A /* PhoneGap.framework */ = {isa = PBXFileReference; lastKnownFileType = wrapper.framework; name = PhoneGap.framework; path = /Users/Shared/PhoneGap/Frameworks/PhoneGap.framework; sourceTree = "<absolute>"; };
		81C87C2A140D36EA0060C17A /* en */ = {isa = PBXFileReference; lastKnownFileType = text.plist.strings; name = en; path = Resources/en.lproj/Localizable.strings; sourceTree = "<group>"; };
		81C87C2E140D36EA0060C17A /* es */ = {isa = PBXFileReference; lastKnownFileType = text.plist.strings; name = es; path = Resources/es.lproj/Localizable.strings; sourceTree = "<group>"; };
		81C87C31140D36EA0060C17A /* icon.png */ = {isa = PBXFileReference; lastKnownFileType = image.png; name = icon.png; path = Resources/icons/icon.png; sourceTree = "<group>"; };
		81C87C33140D36EA0060C17A /* icon@2x.png */ = {isa = PBXFileReference; lastKnownFileType = image.png; name = "icon@2x.png"; path = "Resources/icons/icon@2x.png"; sourceTree = "<group>"; };
		81C87C35140D36EA0060C17A /* icon-72.png */ = {isa = PBXFileReference; lastKnownFileType = image.png; name = "icon-72.png"; path = "Resources/icons/icon-72.png"; sourceTree = "<group>"; };
		81C87C38140D36EA0060C17A /* Default.png */ = {isa = PBXFileReference; lastKnownFileType = image.png; name = Default.png; path = Resources/splash/Default.png; sourceTree = "<group>"; };
		81C87C3A140D36EA0060C17A /* Default@2x.png */ = {isa = PBXFileReference; lastKnownFileType = image.png; name = "Default@2x.png"; path = "Resources/splash/Default@2x.png"; sourceTree = "<group>"; };
		81C87C3C140D36EA0060C17A /* Capture.bundle */ = {isa = PBXFileReference; lastKnownFileType = "wrapper.plug-in"; name = Capture.bundle; path = Resources/Capture.bundle; sourceTree = "<group>"; };
		81C87C3E140D36EA0060C17A /* PhoneGap.plist */ = {isa = PBXFileReference; lastKnownFileType = text.plist.xml; path = PhoneGap.plist; sourceTree = "<group>"; };
		81C87C41140D36EA0060C17A /* AppDelegate.h */ = {isa = PBXFileReference; lastKnownFileType = sourcecode.c.h; name = AppDelegate.h; path = Classes/AppDelegate.h; sourceTree = "<group>"; };
		81C87C42140D36EA0060C17A /* AppDelegate.m */ = {isa = PBXFileReference; lastKnownFileType = sourcecode.c.objc; name = AppDelegate.m; path = Classes/AppDelegate.m; sourceTree = "<group>"; };
		81C87C45140D36EA0060C17A /* README */ = {isa = PBXFileReference; lastKnownFileType = text; name = README; path = Plugins/README; sourceTree = "<group>"; };
/* End PBXFileReference section */

/* Begin PBXFrameworksBuildPhase section */
		81C87BF8140D36E90060C17A /* Frameworks */ = {
			isa = PBXFrameworksBuildPhase;
			buildActionMask = 2147483647;
			files = (
				81C87C03140D36E90060C17A /* Foundation.framework in Frameworks */,
				81C87C05140D36E90060C17A /* UIKit.framework in Frameworks */,
				81C87C07140D36E90060C17A /* CoreGraphics.framework in Frameworks */,
				81C87C09140D36E90060C17A /* AddressBook.framework in Frameworks */,
				81C87C0B140D36E90060C17A /* AddressBookUI.framework in Frameworks */,
				81C87C0D140D36E90060C17A /* AudioToolbox.framework in Frameworks */,
				81C87C0F140D36E90060C17A /* AVFoundation.framework in Frameworks */,
				81C87C11140D36E90060C17A /* CoreLocation.framework in Frameworks */,
				81C87C13140D36E90060C17A /* MediaPlayer.framework in Frameworks */,
				81C87C15140D36E90060C17A /* QuartzCore.framework in Frameworks */,
				81C87C17140D36E90060C17A /* SystemConfiguration.framework in Frameworks */,
				81C87C19140D36E90060C17A /* MobileCoreServices.framework in Frameworks */,
				81C87C1B140D36E90060C17A /* CoreMedia.framework in Frameworks */,
				81C87C26140D36E90060C17A /* PhoneGap.framework in Frameworks */,
			);
			runOnlyForDeploymentPostprocessing = 0;
		};
		81C87BFB140D36E90060C17A /* Frameworks */ = {
			isa = PBXFrameworksBuildPhase;
			buildActionMask = 2147483647;
			files = (
			);
			runOnlyForDeploymentPostprocessing = 0;
		};
/* End PBXFrameworksBuildPhase section */

/* Begin PBXGroup section */
		81C87BF0140D36E90060C17A = {
			isa = PBXGroup;
			children = (
				81C87C1C140D36E90060C17A /* html5expense */,
				81C87C01140D36E90060C17A /* Frameworks */,
				81C87BFF140D36E90060C17A /* Products */,
				81AE4DEF14B73F170080D106 /* www */,
			);
			sourceTree = "<group>";
		};
		81C87BFF140D36E90060C17A /* Products */ = {
			isa = PBXGroup;
			children = (
				81C87BFE140D36E90060C17A /* html5expense.app */,
			);
			name = Products;
			sourceTree = "<group>";
		};
		81C87C01140D36E90060C17A /* Frameworks */ = {
			isa = PBXGroup;
			children = (
				81C87C02140D36E90060C17A /* Foundation.framework */,
				81C87C04140D36E90060C17A /* UIKit.framework */,
				81C87C06140D36E90060C17A /* CoreGraphics.framework */,
				81C87C08140D36E90060C17A /* AddressBook.framework */,
				81C87C0A140D36E90060C17A /* AddressBookUI.framework */,
				81C87C0C140D36E90060C17A /* AudioToolbox.framework */,
				81C87C0E140D36E90060C17A /* AVFoundation.framework */,
				81C87C10140D36E90060C17A /* CoreLocation.framework */,
				81C87C12140D36E90060C17A /* MediaPlayer.framework */,
				81C87C14140D36E90060C17A /* QuartzCore.framework */,
				81C87C16140D36E90060C17A /* SystemConfiguration.framework */,
				81C87C18140D36E90060C17A /* MobileCoreServices.framework */,
				81C87C1A140D36E90060C17A /* CoreMedia.framework */,
			);
			name = Frameworks;
			sourceTree = "<group>";
		};
		81C87C1C140D36E90060C17A /* html5expense */ = {
			isa = PBXGroup;
			children = (
				81C87C25140D36E90060C17A /* PhoneGap.framework */,
				81C87C27140D36E90060C17A /* Resources */,
				81C87C40140D36EA0060C17A /* Classes */,
				81C87C44140D36EA0060C17A /* Plugins */,
				81C87C1D140D36E90060C17A /* Supporting Files */,
			);
			path = html5expense;
			sourceTree = "<group>";
		};
		81C87C1D140D36E90060C17A /* Supporting Files */ = {
			isa = PBXGroup;
			children = (
				81C87C1E140D36E90060C17A /* html5expense-Info.plist */,
				81C87C1F140D36E90060C17A /* InfoPlist.strings */,
				81C87C22140D36E90060C17A /* main.m */,
				81C87C24140D36E90060C17A /* html5expense-Prefix.pch */,
				81C87C3E140D36EA0060C17A /* PhoneGap.plist */,
			);
			name = "Supporting Files";
			sourceTree = "<group>";
		};
		81C87C27140D36E90060C17A /* Resources */ = {
			isa = PBXGroup;
			children = (
				81C87C3C140D36EA0060C17A /* Capture.bundle */,
				81C87C28140D36EA0060C17A /* en.lproj */,
				81C87C2C140D36EA0060C17A /* es.lproj */,
				81C87C30140D36EA0060C17A /* icons */,
				81C87C37140D36EA0060C17A /* splash */,
			);
			name = Resources;
			sourceTree = "<group>";
		};
		81C87C28140D36EA0060C17A /* en.lproj */ = {
			isa = PBXGroup;
			children = (
				81C87C29140D36EA0060C17A /* Localizable.strings */,
			);
			name = en.lproj;
			sourceTree = "<group>";
		};
		81C87C2C140D36EA0060C17A /* es.lproj */ = {
			isa = PBXGroup;
			children = (
				81C87C2D140D36EA0060C17A /* Localizable.strings */,
			);
			name = es.lproj;
			sourceTree = "<group>";
		};
		81C87C30140D36EA0060C17A /* icons */ = {
			isa = PBXGroup;
			children = (
				81C87C31140D36EA0060C17A /* icon.png */,
				81C87C33140D36EA0060C17A /* icon@2x.png */,
				81C87C35140D36EA0060C17A /* icon-72.png */,
			);
			name = icons;
			sourceTree = "<group>";
		};
		81C87C37140D36EA0060C17A /* splash */ = {
			isa = PBXGroup;
			children = (
				81C87C38140D36EA0060C17A /* Default.png */,
				81C87C3A140D36EA0060C17A /* Default@2x.png */,
			);
			name = splash;
			sourceTree = "<group>";
		};
		81C87C40140D36EA0060C17A /* Classes */ = {
			isa = PBXGroup;
			children = (
				81C87C41140D36EA0060C17A /* AppDelegate.h */,
				81C87C42140D36EA0060C17A /* AppDelegate.m */,
			);
			name = Classes;
			sourceTree = "<group>";
		};
		81C87C44140D36EA0060C17A /* Plugins */ = {
			isa = PBXGroup;
			children = (
				81C87C45140D36EA0060C17A /* README */,
			);
			name = Plugins;
			sourceTree = "<group>";
		};
/* End PBXGroup section */

/* Begin PBXNativeTarget section */
		81C87BFD140D36E90060C17A /* html5expense */ = {
			isa = PBXNativeTarget;
			buildConfigurationList = 81C87C48140D36EA0060C17A /* Build configuration list for PBXNativeTarget "html5expense" */;
			buildPhases = (
				81C87BF7140D36E90060C17A /* Sources */,
				81C87BF8140D36E90060C17A /* Frameworks */,
				81C87BF9140D36E90060C17A /* Resources */,
				81C87BFA140D36E90060C17A /* Sources */,
				81C87BFB140D36E90060C17A /* Frameworks */,
				81C87BFC140D36E90060C17A /* ShellScript */,
			);
			buildRules = (
			);
			dependencies = (
			);
			name = html5expense;
			productName = html5expense;
			productReference = 81C87BFE140D36E90060C17A /* html5expense.app */;
			productType = "com.apple.product-type.application";
		};
/* End PBXNativeTarget section */

/* Begin PBXProject section */
		81C87BF2140D36E90060C17A /* Project object */ = {
			isa = PBXProject;
			attributes = {
				ORGANIZATIONNAME = "VMware, Inc.";
			};
			buildConfigurationList = 81C87BF5140D36E90060C17A /* Build configuration list for PBXProject "html5expense" */;
			compatibilityVersion = "Xcode 3.2";
			developmentRegion = English;
			hasScannedForEncodings = 0;
			knownRegions = (
				en,
				es,
			);
			mainGroup = 81C87BF0140D36E90060C17A;
			productRefGroup = 81C87BFF140D36E90060C17A /* Products */;
			projectDirPath = "";
			projectRoot = "";
			targets = (
				81C87BFD140D36E90060C17A /* html5expense */,
			);
		};
/* End PBXProject section */

/* Begin PBXResourcesBuildPhase section */
		81C87BF9140D36E90060C17A /* Resources */ = {
			isa = PBXResourcesBuildPhase;
			buildActionMask = 2147483647;
			files = (
				81C87C21140D36E90060C17A /* InfoPlist.strings in Resources */,
				81C87C2B140D36EA0060C17A /* Localizable.strings in Resources */,
				81C87C2F140D36EA0060C17A /* Localizable.strings in Resources */,
				81C87C32140D36EA0060C17A /* icon.png in Resources */,
				81C87C34140D36EA0060C17A /* icon@2x.png in Resources */,
				81C87C36140D36EA0060C17A /* icon-72.png in Resources */,
				81C87C39140D36EA0060C17A /* Default.png in Resources */,
				81C87C3B140D36EA0060C17A /* Default@2x.png in Resources */,
				81C87C3D140D36EA0060C17A /* Capture.bundle in Resources */,
				81C87C3F140D36EA0060C17A /* PhoneGap.plist in Resources */,
				81AE4DF014B73F170080D106 /* www in Resources */,
			);
			runOnlyForDeploymentPostprocessing = 0;
		};
/* End PBXResourcesBuildPhase section */

/* Begin PBXShellScriptBuildPhase section */
		81C87BFC140D36E90060C17A /* ShellScript */ = {
			isa = PBXShellScriptBuildPhase;
			buildActionMask = 2147483647;
			files = (
			);
			inputPaths = (
			);
			outputPaths = (
			);
			runOnlyForDeploymentPostprocessing = 0;
			shellPath = /bin/bash;
			shellScript = "\n\t\t\t\t\t\t\t\tif [ ! -d \"$PROJECT_DIR/www\" ] ; then\n\t\t\t\t\t\t\t\t\tcp -R /Users/Shared/PhoneGap/Frameworks/PhoneGap.framework/www \"$PROJECT_DIR\"\n\t\t\t\t\t\t\t\tfi\n\t\t\t\t\t\t\t\t# detect www folder reference in project, if missing, print warning\n\t\t\t\t\t\t\t\tgrep \"{isa = PBXFileReference; lastKnownFileType = folder; path = www; sourceTree = \\\"<group>\\\"; };\" \"$PROJECT_DIR/$PROJECT_NAME.xcodeproj/project.pbxproj\"\n\t\t\t\t\t\t\t\trc=$? \n\t\t\t\t\t\t\t\tif [ $rc != 0 ] ; then\n\t\t\t\t\t\t\t\techo -e \"warning: Missing - Add $PROJECT_DIR/www as a folder reference in your project. Just drag and drop the folder into your project, in Xcode 4.\" 1>&2\n\t\t\t\t\t\t\t\tfi\t\t\t\t\t\t\t";
		};
/* End PBXShellScriptBuildPhase section */

/* Begin PBXSourcesBuildPhase section */
		81C87BF7140D36E90060C17A /* Sources */ = {
			isa = PBXSourcesBuildPhase;
			buildActionMask = 2147483647;
			files = (
				81C87C23140D36E90060C17A /* main.m in Sources */,
				81C87C43140D36EA0060C17A /* AppDelegate.m in Sources */,
			);
			runOnlyForDeploymentPostprocessing = 0;
		};
		81C87BFA140D36E90060C17A /* Sources */ = {
			isa = PBXSourcesBuildPhase;
			buildActionMask = 2147483647;
			files = (
			);
			runOnlyForDeploymentPostprocessing = 0;
		};
/* End PBXSourcesBuildPhase section */

/* Begin PBXVariantGroup section */
		81C87C1F140D36E90060C17A /* InfoPlist.strings */ = {
			isa = PBXVariantGroup;
			children = (
				81C87C20140D36E90060C17A /* en */,
			);
			name = InfoPlist.strings;
			sourceTree = "<group>";
		};
		81C87C29140D36EA0060C17A /* Localizable.strings */ = {
			isa = PBXVariantGroup;
			children = (
				81C87C2A140D36EA0060C17A /* en */,
			);
			name = Localizable.strings;
			sourceTree = "<group>";
		};
		81C87C2D140D36EA0060C17A /* Localizable.strings */ = {
			isa = PBXVariantGroup;
			children = (
				81C87C2E140D36EA0060C17A /* es */,
			);
			name = Localizable.strings;
			sourceTree = "<group>";
		};
/* End PBXVariantGroup section */

/* Begin XCBuildConfiguration section */
		81C87C46140D36EA0060C17A /* Debug */ = {
			isa = XCBuildConfiguration;
			buildSettings = {
				ALWAYS_SEARCH_USER_PATHS = NO;
				ARCHS = "$(ARCHS_STANDARD_32_BIT)";
				CODE_SIGN_IDENTITY = "iPhone Developer";
				"CODE_SIGN_IDENTITY[sdk=iphoneos*]" = "iPhone Developer";
				COPY_PHASE_STRIP = NO;
				GCC_C_LANGUAGE_STANDARD = gnu99;
				GCC_DYNAMIC_NO_PIC = NO;
				GCC_OPTIMIZATION_LEVEL = 0;
				GCC_PREPROCESSOR_DEFINITIONS = (
					"DEBUG=1",
					"$(inherited)",
				);
				GCC_SYMBOLS_PRIVATE_EXTERN = NO;
				GCC_VERSION = com.apple.compilers.llvmgcc42;
				GCC_WARN_ABOUT_MISSING_PROTOTYPES = YES;
				GCC_WARN_ABOUT_RETURN_TYPE = YES;
				GCC_WARN_UNUSED_VARIABLE = YES;
				IPHONEOS_DEPLOYMENT_TARGET = 4.0;
				PROVISIONING_PROFILE = "";
				SDKROOT = iphoneos;
			};
			name = Debug;
		};
		81C87C47140D36EA0060C17A /* Release */ = {
			isa = XCBuildConfiguration;
			buildSettings = {
				ALWAYS_SEARCH_USER_PATHS = NO;
				ARCHS = "$(ARCHS_STANDARD_32_BIT)";
				CODE_SIGN_IDENTITY = "iPhone Developer";
				"CODE_SIGN_IDENTITY[sdk=iphoneos*]" = "iPhone Developer";
				COPY_PHASE_STRIP = YES;
				GCC_C_LANGUAGE_STANDARD = gnu99;
				GCC_VERSION = com.apple.compilers.llvmgcc42;
				GCC_WARN_ABOUT_MISSING_PROTOTYPES = YES;
				GCC_WARN_ABOUT_RETURN_TYPE = YES;
				GCC_WARN_UNUSED_VARIABLE = YES;
				IPHONEOS_DEPLOYMENT_TARGET = 4.0;
				PROVISIONING_PROFILE = "";
				SDKROOT = iphoneos;
				VALIDATE_PRODUCT = YES;
			};
			name = Release;
		};
		81C87C49140D36EA0060C17A /* Debug */ = {
			isa = XCBuildConfiguration;
			buildSettings = {
				ALWAYS_SEARCH_USER_PATHS = YES;
				COPY_PHASE_STRIP = NO;
				FRAMEWORK_SEARCH_PATHS = /Users/Shared/PhoneGap/Frameworks;
				GCC_DYNAMIC_NO_PIC = NO;
				GCC_PRECOMPILE_PREFIX_HEADER = YES;
				GCC_PREFIX_HEADER = "html5expense/html5expense-Prefix.pch";
				GCC_PREPROCESSOR_DEFINITIONS = "PHONEGAP_FRAMEWORK=YES";
				INFOPLIST_FILE = "html5expense/html5expense-Info.plist";
				PRODUCT_NAME = "$(TARGET_NAME)";
				WRAPPER_EXTENSION = app;
			};
			name = Debug;
		};
		81C87C4A140D36EA0060C17A /* Release */ = {
			isa = XCBuildConfiguration;
			buildSettings = {
				ALWAYS_SEARCH_USER_PATHS = YES;
				COPY_PHASE_STRIP = YES;
				DEBUG_INFORMATION_FORMAT = "dwarf-with-dsym";
				FRAMEWORK_SEARCH_PATHS = /Users/Shared/PhoneGap/Frameworks;
				GCC_PRECOMPILE_PREFIX_HEADER = YES;
				GCC_PREFIX_HEADER = "html5expense/html5expense-Prefix.pch";
				GCC_PREPROCESSOR_DEFINITIONS = "PHONEGAP_FRAMEWORK=YES";
				INFOPLIST_FILE = "html5expense/html5expense-Info.plist";
				PRODUCT_NAME = "$(TARGET_NAME)";
				VALIDATE_PRODUCT = YES;
				WRAPPER_EXTENSION = app;
			};
			name = Release;
		};
/* End XCBuildConfiguration section */

/* Begin XCConfigurationList section */
		81C87BF5140D36E90060C17A /* Build configuration list for PBXProject "html5expense" */ = {
			isa = XCConfigurationList;
			buildConfigurations = (
				81C87C46140D36EA0060C17A /* Debug */,
				81C87C47140D36EA0060C17A /* Release */,
			);
			defaultConfigurationIsVisible = 0;
			defaultConfigurationName = Release;
		};
		81C87C48140D36EA0060C17A /* Build configuration list for PBXNativeTarget "html5expense" */ = {
			isa = XCConfigurationList;
			buildConfigurations = (
				81C87C49140D36EA0060C17A /* Debug */,
				81C87C4A140D36EA0060C17A /* Release */,
			);
			defaultConfigurationIsVisible = 0;
			defaultConfigurationName = Release;
		};
/* End XCConfigurationList section */
	};
	rootObject = 81C87BF2140D36E90060C17A /* Project object */;
}
